# This file is automatically @generated by Cargo.
# It is not intended for manual editing.
version = 4

[[package]]
name = "negi"
version = "0.1.0"

[[package]]
name = "negi-agent"
version = "0.1.0"

[[package]]
name = "negi-engine"
version = "0.1.0"

[[package]]
name = "negi-out"
version = "0.1.0"

[[package]]
name = "negi-probe"
version = "0.1.0"
